{
  "requires": true,
  "lockfileVersion": 1,
  "dependencies": {
    "postprocessing": {
      "version": "6.18.0",
      "resolved": "https://registry.npmjs.org/postprocessing/-/postprocessing-6.18.0.tgz",
      "integrity": "sha512-AUmV+465StCApG6QG5J7lSYn1DmtwLDcaIQ7+aoyXsnw3qmhM3u31Xr0qpWrEmLDW52bQ9VntVCdXixHT5BUuA=="
    },
    "three": {
      "version": "0.123.0",
      "resolved": "https://registry.npmjs.org/three/-/three-0.123.0.tgz",
      "integrity": "sha512-KNnx/IbilvoHRkxOtL0ouozoDoElyuvAXhFB21RK7F5IPWSmqyFelICK6x3hJerLNSlAdHxR0hkuvMMhH9pqXg=="
    }
  }
}
